
Microsoft Visual Studio Solution File, Format Version 12.00
# Visual Studio Version 17
VisualStudioVersion = 17.5.33502.453
MinimumVisualStudioVersion = 10.0.40219.1
Project("{9A19103F-16F7-4668-BE54-9A1E7A4F7556}") = "TicTacToe", "TicTacToe\TicTacToe.csproj", "{212E2790-BEF6-47A6-8F1D-64491C08A5A4}"
EndProject
Project("{9A19103F-16F7-4668-BE54-9A1E7A4F7556}") = "TicTacToeTests", "TickTacToeTests\TicTacToeTests.csproj", "{12FC192D-6AD8-43F9-910B-7BF43331BAFC}"
EndProject
Global
	GlobalSection(SolutionConfigurationPlatforms) = preSolution
		Debug|Any CPU = Debug|Any CPU
		Release|Any CPU = Release|Any CPU
	EndGlobalSection
	GlobalSection(ProjectConfigurationPlatforms) = postSolution
		{212E2790-BEF6-47A6-8F1D-64491C08A5A4}.Debug|Any CPU.ActiveCfg = Debug|Any CPU
		{212E2790-BEF6-47A6-8F1D-64491C08A5A4}.Debug|Any CPU.Build.0 = Debug|Any CPU
		{212E2790-BEF6-47A6-8F1D-64491C08A5A4}.Release|Any CPU.ActiveCfg = Release|Any CPU
		{212E2790-BEF6-47A6-8F1D-64491C08A5A4}.Release|Any CPU.Build.0 = Release|Any CPU
		{12FC192D-6AD8-43F9-910B-7BF43331BAFC}.Debug|Any CPU.ActiveCfg = Debug|Any CPU
		{12FC192D-6AD8-43F9-910B-7BF43331BAFC}.Debug|Any CPU.Build.0 = Debug|Any CPU
		{12FC192D-6AD8-43F9-910B-7BF43331BAFC}.Release|Any CPU.ActiveCfg = Release|Any CPU
		{12FC192D-6AD8-43F9-910B-7BF43331BAFC}.Release|Any CPU.Build.0 = Release|Any CPU
	EndGlobalSection
	GlobalSection(SolutionProperties) = preSolution
		HideSolutionNode = FALSE
	EndGlobalSection
	GlobalSection(ExtensibilityGlobals) = postSolution
		SolutionGuid = {95EFEFCA-8470-4835-8B04-15A5FEC68681}
	EndGlobalSection
EndGlobal
